
Microsoft Visual Studio Solution File, Format Version 12.00
# Visual Studio Version 16
VisualStudioVersion = 16.0.30621.155
MinimumVisualStudioVersion = 10.0.40219.1
Project("{FAE04EC0-301F-11D3-BF4B-00C04F79EFBC}") = "Session11.UrlAndRoutes", "Session11.UrlAndRoutes\Session11.UrlAndRoutes.csproj", "{30E68BB2-9F43-4CA3-98C0-D5B011EA5C6D}"
EndProject
Global
	GlobalSection(SolutionConfigurationPlatforms) = preSolution
		Debug|Any CPU = Debug|Any CPU
		Release|Any CPU = Release|Any CPU
	EndGlobalSection
	GlobalSection(ProjectConfigurationPlatforms) = postSolution
		{30E68BB2-9F43-4CA3-98C0-D5B011EA5C6D}.Debug|Any CPU.ActiveCfg = Debug|Any CPU
		{30E68BB2-9F43-4CA3-98C0-D5B011EA5C6D}.Debug|Any CPU.Build.0 = Debug|Any CPU
		{30E68BB2-9F43-4CA3-98C0-D5B011EA5C6D}.Release|Any CPU.ActiveCfg = Release|Any CPU
		{30E68BB2-9F43-4CA3-98C0-D5B011EA5C6D}.Release|Any CPU.Build.0 = Release|Any CPU
	EndGlobalSection
	GlobalSection(SolutionProperties) = preSolution
		HideSolutionNode = FALSE
	EndGlobalSection
	GlobalSection(ExtensibilityGlobals) = postSolution
		SolutionGuid = {D5F755A8-2F8E-4BE4-A8A8-BD580B3FE51F}
	EndGlobalSection
EndGlobal
