
Microsoft Visual Studio Solution File, Format Version 12.00
# Visual Studio Version 16
VisualStudioVersion = 16.0.30621.155
MinimumVisualStudioVersion = 10.0.40219.1
Project("{9A19103F-16F7-4668-BE54-9A1E7A4F7556}") = "Session10", "Session10\Session10.csproj", "{BDDECA42-DCC6-43A9-AAC9-4F079DEDA988}"
EndProject
Project("{9A19103F-16F7-4668-BE54-9A1E7A4F7556}") = "Session10.MVC", "Session10.MVC\Session10.MVC.csproj", "{10766178-93F6-49CB-88EF-7A02BF50D907}"
EndProject
Project("{FAE04EC0-301F-11D3-BF4B-00C04F79EFBC}") = "Session10.MVC2", "Session10.MVC2\Session10.MVC2.csproj", "{47402B6D-DD9B-49F6-8005-402C63BBDE62}"
EndProject
Global
	GlobalSection(SolutionConfigurationPlatforms) = preSolution
		Debug|Any CPU = Debug|Any CPU
		Release|Any CPU = Release|Any CPU
	EndGlobalSection
	GlobalSection(ProjectConfigurationPlatforms) = postSolution
		{BDDECA42-DCC6-43A9-AAC9-4F079DEDA988}.Debug|Any CPU.ActiveCfg = Debug|Any CPU
		{BDDECA42-DCC6-43A9-AAC9-4F079DEDA988}.Debug|Any CPU.Build.0 = Debug|Any CPU
		{BDDECA42-DCC6-43A9-AAC9-4F079DEDA988}.Release|Any CPU.ActiveCfg = Release|Any CPU
		{BDDECA42-DCC6-43A9-AAC9-4F079DEDA988}.Release|Any CPU.Build.0 = Release|Any CPU
		{10766178-93F6-49CB-88EF-7A02BF50D907}.Debug|Any CPU.ActiveCfg = Debug|Any CPU
		{10766178-93F6-49CB-88EF-7A02BF50D907}.Debug|Any CPU.Build.0 = Debug|Any CPU
		{10766178-93F6-49CB-88EF-7A02BF50D907}.Release|Any CPU.ActiveCfg = Release|Any CPU
		{10766178-93F6-49CB-88EF-7A02BF50D907}.Release|Any CPU.Build.0 = Release|Any CPU
		{47402B6D-DD9B-49F6-8005-402C63BBDE62}.Debug|Any CPU.ActiveCfg = Debug|Any CPU
		{47402B6D-DD9B-49F6-8005-402C63BBDE62}.Debug|Any CPU.Build.0 = Debug|Any CPU
		{47402B6D-DD9B-49F6-8005-402C63BBDE62}.Release|Any CPU.ActiveCfg = Release|Any CPU
		{47402B6D-DD9B-49F6-8005-402C63BBDE62}.Release|Any CPU.Build.0 = Release|Any CPU
	EndGlobalSection
	GlobalSection(SolutionProperties) = preSolution
		HideSolutionNode = FALSE
	EndGlobalSection
	GlobalSection(ExtensibilityGlobals) = postSolution
		SolutionGuid = {F8D3DA05-07B4-46DF-9767-6AD35651EACA}
	EndGlobalSection
EndGlobal
